
Microsoft Visual Studio Solution File, Format Version 12.00
# Visual Studio Version 17
VisualStudioVersion = 17.9.34607.119
MinimumVisualStudioVersion = 10.0.40219.1
Project("{2150E333-8FDC-42A3-9474-1A3956D46DE8}") = "Chapter01", "Chapter01", "{B5B0F79C-02C7-4B35-951F-E874416818CC}"
EndProject
Project("{FAE04EC0-301F-11D3-BF4B-00C04F79EFBC}") = "ProductSample", "Chapter01\ProductSample\ProductSample.csproj", "{2C62E3C7-5FEF-4FCE-81DE-BC1E9FF38DEA}"
EndProject
Project("{FAE04EC0-301F-11D3-BF4B-00C04F79EFBC}") = "Sample_p38", "Chapter01\Sample_p38\Sample_p38.csproj", "{9F9A9C6A-AF87-4003-980F-3856DEC9CA8A}"
EndProject
Project("{2150E333-8FDC-42A3-9474-1A3956D46DE8}") = "Chapter02", "Chapter02", "{6C2724A9-3F3F-4474-A006-A2C4E2B764EB}"
EndProject
Project("{2150E333-8FDC-42A3-9474-1A3956D46DE8}") = "距離換算プログラム", "距離換算プログラム", "{738EB59F-F603-4935-A1A1-5A6A8B7BD275}"
EndProject
Project("{FAE04EC0-301F-11D3-BF4B-00C04F79EFBC}") = "DistanceConverter", "Chapter02\distanceConverter\DistanceConverter.csproj", "{0D39BC9D-05CC-453D-885B-4E7FAAC417C0}"
EndProject
Project("{2150E333-8FDC-42A3-9474-1A3956D46DE8}") = "売り上げ集計プログラム", "売り上げ集計プログラム", "{21A7E3A3-4365-4E9A-AF73-7E7DE9F413AC}"
EndProject
Project("{FAE04EC0-301F-11D3-BF4B-00C04F79EFBC}") = "SalesCounter", "Chapter02\SalesCounter\SalesCounter.csproj", "{C7754864-5D87-4599-947F-6665FEAF7B64}"
EndProject
Project("{2150E333-8FDC-42A3-9474-1A3956D46DE8}") = "#演習問題", "#演習問題", "{8D9C18E5-26AB-4297-95C6-96B50A1EAD9C}"
EndProject
Project("{FAE04EC0-301F-11D3-BF4B-00C04F79EFBC}") = "Exercise1", "Chapter02\#演習問題\Exercise1\Exercise1.csproj", "{F90DB5DA-46C8-41A5-B266-E0F1F35DCA09}"
EndProject
Project("{FAE04EC0-301F-11D3-BF4B-00C04F79EFBC}") = "Exercise2", "Chapter02\#演習問題\Exercise2\Exercise2.csproj", "{6A828294-B96A-404A-8059-236D46102CD7}"
EndProject
Project("{2150E333-8FDC-42A3-9474-1A3956D46DE8}") = "FormApps", "FormApps", "{09CFB2A0-AB26-4F15-AC5E-9C14A5C9C1BA}"
EndProject
Project("{9A19103F-16F7-4668-BE54-9A1E7A4F7556}") = "BallApp", "FormApps\BallApp\BallApp.csproj", "{A337FB3F-3C2A-4F86-BD8F-C3C59CE93A06}"
EndProject
Project("{2150E333-8FDC-42A3-9474-1A3956D46DE8}") = "Chapter03", "Chapter03", "{AE9EEA03-B88C-419A-8201-17A1A6ED96AE}"
EndProject
Project("{FAE04EC0-301F-11D3-BF4B-00C04F79EFBC}") = "Section01", "Chapter03\Section01\Section01.csproj", "{D79E1D90-9EA8-4257-8C5E-8E34E8D44BA0}"
EndProject
Project("{2150E333-8FDC-42A3-9474-1A3956D46DE8}") = "演習問題", "演習問題", "{3BC83C71-14EA-4221-AA16-EEC979B5898E}"
EndProject
Project("{FAE04EC0-301F-11D3-BF4B-00C04F79EFBC}") = "Exercise01", "Chapter03\演習問題\Exercise01\Exercise01.csproj", "{4EDC127A-C697-4325-81BF-5319975A76A3}"
EndProject
Project("{FAE04EC0-301F-11D3-BF4B-00C04F79EFBC}") = "Exercise02", "Chapter03\演習問題\Exercise02\Exercise02.csproj", "{9AC0FD67-CD88-4803-8E2E-71317C2C973E}"
EndProject
Project("{2150E333-8FDC-42A3-9474-1A3956D46DE8}") = "Chapter04", "Chapter04", "{4F91A288-1FC9-48AE-A98A-D8377BB20269}"
EndProject
Project("{FAE04EC0-301F-11D3-BF4B-00C04F79EFBC}") = "Section01", "Chapter04\Section01\Section01.csproj", "{80ED65A5-A8F9-4196-8CD3-3B45EA357D44}"
EndProject
Project("{2150E333-8FDC-42A3-9474-1A3956D46DE8}") = "演習問題", "演習問題", "{57681AFA-C968-4287-936C-9F74B4FA74FD}"
EndProject
Project("{FAE04EC0-301F-11D3-BF4B-00C04F79EFBC}") = "Exercise01", "Chapter04\演習問題\Exercise01\Exercise01.csproj", "{A7F005E2-EBA7-4648-8387-4B6D2A79DBA7}"
EndProject
Project("{FAE04EC0-301F-11D3-BF4B-00C04F79EFBC}") = "Exercise02", "Chapter04\演習問題\Exercise02\Exercise02.csproj", "{9E71A304-3CB7-490D-B912-817B50A0122F}"
EndProject
Project("{2150E333-8FDC-42A3-9474-1A3956D46DE8}") = "chapter05", "chapter05", "{A4CD1806-0049-4B0C-AC5D-6D73FA3C8D6E}"
EndProject
Project("{2150E333-8FDC-42A3-9474-1A3956D46DE8}") = "演習問題", "演習問題", "{625F7172-B989-43EB-AA78-430CC7816269}"
EndProject
Project("{FAE04EC0-301F-11D3-BF4B-00C04F79EFBC}") = "Exercise01", "chapter05\演習問題\Exercise01\Exercise01.csproj", "{CF94ED52-4B6A-4394-8D8D-A760E3731213}"
EndProject
Project("{FAE04EC0-301F-11D3-BF4B-00C04F79EFBC}") = "Exercise02", "chapter05\演習問題\Exercise02\Exercise02.csproj", "{0E835744-C72D-435F-9CEF-0DEF1A27A22E}"
EndProject
Project("{FAE04EC0-301F-11D3-BF4B-00C04F79EFBC}") = "Exercise03", "chapter05\演習問題\Exercise03\Exercise03.csproj", "{8E7A095A-C997-44E5-9A46-A98A835F2B2F}"
EndProject
Project("{FAE04EC0-301F-11D3-BF4B-00C04F79EFBC}") = "Exercise04", "chapter05\演習問題\Exercise04\Exercise04.csproj", "{14A3B2F1-F6ED-4E1A-92EF-D06CED07F413}"
EndProject
Project("{2150E333-8FDC-42A3-9474-1A3956D46DE8}") = "chapter06", "chapter06", "{650007F4-9F12-446D-95D1-B1F03BAC3644}"
EndProject
Project("{2150E333-8FDC-42A3-9474-1A3956D46DE8}") = "演習問題", "演習問題", "{039E5164-B1B9-495C-96B6-A0B7E7CE1E41}"
EndProject
Project("{FAE04EC0-301F-11D3-BF4B-00C04F79EFBC}") = "Exercise01", "\\172.16.42.1\学生\2024_情報システム\オブジェクト指向プログラミングⅠ\Chapter06\演習問題\Exercise01\Exercise01.csproj", "{E989DAA4-70DA-4B02-9BBE-5607F8A393AA}"
EndProject
Project("{FAE04EC0-301F-11D3-BF4B-00C04F79EFBC}") = "Exercise02", "\\172.16.42.1\学生\2024_情報システム\オブジェクト指向プログラミングⅠ\Chapter06\演習問題\Exercise02\Exercise02.csproj", "{707A05C0-4366-43CC-AC4C-E519E006E38F}"
EndProject
Project("{2150E333-8FDC-42A3-9474-1A3956D46DE8}") = "Chapter07", "Chapter07", "{406DBAA9-2BA5-41C0-BDEE-A098F3E2B572}"
EndProject
Project("{FAE04EC0-301F-11D3-BF4B-00C04F79EFBC}") = "Section01", "Chapter07\Section01\Section01.csproj", "{E60705E6-9890-4CA1-B159-0C62B1ECA815}"
EndProject
Project("{2150E333-8FDC-42A3-9474-1A3956D46DE8}") = "Section01", "Section01", "{3FD119AD-132D-4302-BEEB-68D4B900F873}"
EndProject
Project("{FAE04EC0-301F-11D3-BF4B-00C04F79EFBC}") = "Section01", "\\172.16.42.1\学生\2024_情報システム\オブジェクト指向プログラミングⅠ\Chapter06\Section01\Section01.csproj", "{9C21CE1F-6346-424E-B7B8-019625F2C2BB}"
EndProject
Project("{FAE04EC0-301F-11D3-BF4B-00C04F79EFBC}") = "section02", "Chapter07\section02\section02.csproj", "{C02912F6-698F-4045-896D-C3AF28FB4942}"
EndProject
Project("{2150E333-8FDC-42A3-9474-1A3956D46DE8}") = "Test2406", "Test2406", "{2DC78CB3-35D7-4EFB-BBB7-03DDAF646ABE}"
EndProject
Project("{FAE04EC0-301F-11D3-BF4B-00C04F79EFBC}") = "Section03", "Chapter07\Section03\Section03.csproj", "{515E291D-127A-44AC-B966-A824D6252E74}"
EndProject
Project("{FAE04EC0-301F-11D3-BF4B-00C04F79EFBC}") = "Section04", "Chapter07\Section04\Section04.csproj", "{0F5742D3-930D-424E-8301-1F410C8B7B69}"
EndProject
Project("{2150E333-8FDC-42A3-9474-1A3956D46DE8}") = "chapter08", "chapter08", "{B7819832-EFB0-4C3F-AE60-4DA9851EA0EB}"
EndProject
Project("{FAE04EC0-301F-11D3-BF4B-00C04F79EFBC}") = "Section01", "chapter08\Section01\Section01.csproj", "{A99B5E7C-ACA9-4D47-ABD4-CB1229F4B160}"
EndProject
Project("{9A19103F-16F7-4668-BE54-9A1E7A4F7556}") = "DateTimeApp", "FormApps\DateTimeApp\DateTimeApp.csproj", "{5A536094-1BD6-4012-993E-9E330132D6B8}"
EndProject
Project("{2150E333-8FDC-42A3-9474-1A3956D46DE8}") = "演習問題", "演習問題", "{6F5F0643-B408-4BBC-B8C5-F9FA93117768}"
EndProject
Project("{9A19103F-16F7-4668-BE54-9A1E7A4F7556}") = "Exercise01", "chapter08\演習問題\Exercise01\Exercise01.csproj", "{2AEB7F48-D177-4502-BB38-2569A01AEE1A}"
EndProject
Project("{9A19103F-16F7-4668-BE54-9A1E7A4F7556}") = "CarReportSystem", "FormApps\CarReportSystem\CarReportSystem.csproj", "{33ADF072-5D08-4889-99AD-99043C6B8471}"
EndProject
Project("{FAE04EC0-301F-11D3-BF4B-00C04F79EFBC}") = "Test01", "TestProject\Test01\Test01.csproj", "{1D2A317C-163A-472D-B1BC-4D67DDA73E3C}"
EndProject
Project("{FAE04EC0-301F-11D3-BF4B-00C04F79EFBC}") = "Test02", "TestProject\Test02\Test02.csproj", "{AA28184C-D736-4934-96E1-C666FBF8C624}"
EndProject
Project("{2150E333-8FDC-42A3-9474-1A3956D46DE8}") = "Tesu2407", "Tesu2407", "{662E643E-5A9A-4729-AF02-D76FD0D41603}"
EndProject
Project("{FAE04EC0-301F-11D3-BF4B-00C04F79EFBC}") = "Test01", "TestProject\Test01_01\Test01.csproj", "{505959BA-5E37-40AD-9E1F-D168E366D106}"
EndProject
Project("{FAE04EC0-301F-11D3-BF4B-00C04F79EFBC}") = "Test02", "TestProject\Test02_01\Test02.csproj", "{9629460F-6875-4F78-AFFB-A5FD0F63E783}"
EndProject
Project("{2150E333-8FDC-42A3-9474-1A3956D46DE8}") = "chapter11", "chapter11", "{EF2E6A34-B495-4DCC-B537-7A44F846BBF8}"
EndProject
Project("{FAE04EC0-301F-11D3-BF4B-00C04F79EFBC}") = "section01", "chapter11\section01\section01.csproj", "{C2BF0395-D568-443F-B7FC-B29DBFAF5A1E}"
EndProject
Project("{2150E333-8FDC-42A3-9474-1A3956D46DE8}") = "演習問題", "演習問題", "{26BB3975-D22A-4EF6-AB5E-01EF5C21E662}"
EndProject
Project("{FAE04EC0-301F-11D3-BF4B-00C04F79EFBC}") = "Exercise01", "chapter11\演習問題\Exercise01\Exercise01.csproj", "{0D8836A9-2F3D-47AB-BA3A-1CD222361891}"
EndProject
Project("{FAE04EC0-301F-11D3-BF4B-00C04F79EFBC}") = "Section02", "chapter11\Section02\Section02.csproj", "{882E94EE-2DB6-43F4-8BCA-4987FCF32BDE}"
EndProject
Project("{2150E333-8FDC-42A3-9474-1A3956D46DE8}") = "chapter12", "chapter12", "{B3622856-0D33-4150-BFE4-5915AA6433D9}"
EndProject
Project("{FAE04EC0-301F-11D3-BF4B-00C04F79EFBC}") = "Section01", "Chapter12\Section01\Section01.csproj", "{44E87042-8756-4DC5-94EE-3487497F5FE0}"
EndProject
Project("{FAE04EC0-301F-11D3-BF4B-00C04F79EFBC}") = "Section02", "Chapter12\Section02\Section02.csproj", "{48D66483-4793-43F3-91D5-040A1C9E0DDC}"
EndProject
Project("{FAE04EC0-301F-11D3-BF4B-00C04F79EFBC}") = "Exercise01", "Chapter12\演習問題\Exercise01\Exercise01.csproj", "{8D661F5D-1314-44D2-9986-05C37FF5012B}"
EndProject
Project("{FAE04EC0-301F-11D3-BF4B-00C04F79EFBC}") = "RssReader", "FormApps\RssReader\RssReader.csproj", "{31E43692-EEAB-4257-8C34-9F78A27EE71F}"
EndProject
Global
	GlobalSection(SolutionConfigurationPlatforms) = preSolution
		Debug|Any CPU = Debug|Any CPU
		Release|Any CPU = Release|Any CPU
	EndGlobalSection
	GlobalSection(ProjectConfigurationPlatforms) = postSolution
		{2C62E3C7-5FEF-4FCE-81DE-BC1E9FF38DEA}.Debug|Any CPU.ActiveCfg = Debug|Any CPU
		{2C62E3C7-5FEF-4FCE-81DE-BC1E9FF38DEA}.Debug|Any CPU.Build.0 = Debug|Any CPU
		{2C62E3C7-5FEF-4FCE-81DE-BC1E9FF38DEA}.Release|Any CPU.ActiveCfg = Release|Any CPU
		{2C62E3C7-5FEF-4FCE-81DE-BC1E9FF38DEA}.Release|Any CPU.Build.0 = Release|Any CPU
		{9F9A9C6A-AF87-4003-980F-3856DEC9CA8A}.Debug|Any CPU.ActiveCfg = Debug|Any CPU
		{9F9A9C6A-AF87-4003-980F-3856DEC9CA8A}.Debug|Any CPU.Build.0 = Debug|Any CPU
		{9F9A9C6A-AF87-4003-980F-3856DEC9CA8A}.Release|Any CPU.ActiveCfg = Release|Any CPU
		{9F9A9C6A-AF87-4003-980F-3856DEC9CA8A}.Release|Any CPU.Build.0 = Release|Any CPU
		{0D39BC9D-05CC-453D-885B-4E7FAAC417C0}.Debug|Any CPU.ActiveCfg = Debug|Any CPU
		{0D39BC9D-05CC-453D-885B-4E7FAAC417C0}.Debug|Any CPU.Build.0 = Debug|Any CPU
		{0D39BC9D-05CC-453D-885B-4E7FAAC417C0}.Release|Any CPU.ActiveCfg = Release|Any CPU
		{0D39BC9D-05CC-453D-885B-4E7FAAC417C0}.Release|Any CPU.Build.0 = Release|Any CPU
		{C7754864-5D87-4599-947F-6665FEAF7B64}.Debug|Any CPU.ActiveCfg = Debug|Any CPU
		{C7754864-5D87-4599-947F-6665FEAF7B64}.Debug|Any CPU.Build.0 = Debug|Any CPU
		{C7754864-5D87-4599-947F-6665FEAF7B64}.Release|Any CPU.ActiveCfg = Release|Any CPU
		{C7754864-5D87-4599-947F-6665FEAF7B64}.Release|Any CPU.Build.0 = Release|Any CPU
		{F90DB5DA-46C8-41A5-B266-E0F1F35DCA09}.Debug|Any CPU.ActiveCfg = Debug|Any CPU
		{F90DB5DA-46C8-41A5-B266-E0F1F35DCA09}.Debug|Any CPU.Build.0 = Debug|Any CPU
		{F90DB5DA-46C8-41A5-B266-E0F1F35DCA09}.Release|Any CPU.ActiveCfg = Release|Any CPU
		{F90DB5DA-46C8-41A5-B266-E0F1F35DCA09}.Release|Any CPU.Build.0 = Release|Any CPU
		{6A828294-B96A-404A-8059-236D46102CD7}.Debug|Any CPU.ActiveCfg = Debug|Any CPU
		{6A828294-B96A-404A-8059-236D46102CD7}.Debug|Any CPU.Build.0 = Debug|Any CPU
		{6A828294-B96A-404A-8059-236D46102CD7}.Release|Any CPU.ActiveCfg = Release|Any CPU
		{6A828294-B96A-404A-8059-236D46102CD7}.Release|Any CPU.Build.0 = Release|Any CPU
		{A337FB3F-3C2A-4F86-BD8F-C3C59CE93A06}.Debug|Any CPU.ActiveCfg = Debug|Any CPU
		{A337FB3F-3C2A-4F86-BD8F-C3C59CE93A06}.Debug|Any CPU.Build.0 = Debug|Any CPU
		{A337FB3F-3C2A-4F86-BD8F-C3C59CE93A06}.Release|Any CPU.ActiveCfg = Release|Any CPU
		{A337FB3F-3C2A-4F86-BD8F-C3C59CE93A06}.Release|Any CPU.Build.0 = Release|Any CPU
		{D79E1D90-9EA8-4257-8C5E-8E34E8D44BA0}.Debug|Any CPU.ActiveCfg = Debug|Any CPU
		{D79E1D90-9EA8-4257-8C5E-8E34E8D44BA0}.Debug|Any CPU.Build.0 = Debug|Any CPU
		{D79E1D90-9EA8-4257-8C5E-8E34E8D44BA0}.Release|Any CPU.ActiveCfg = Release|Any CPU
		{D79E1D90-9EA8-4257-8C5E-8E34E8D44BA0}.Release|Any CPU.Build.0 = Release|Any CPU
		{4EDC127A-C697-4325-81BF-5319975A76A3}.Debug|Any CPU.ActiveCfg = Debug|Any CPU
		{4EDC127A-C697-4325-81BF-5319975A76A3}.Debug|Any CPU.Build.0 = Debug|Any CPU
		{4EDC127A-C697-4325-81BF-5319975A76A3}.Release|Any CPU.ActiveCfg = Release|Any CPU
		{4EDC127A-C697-4325-81BF-5319975A76A3}.Release|Any CPU.Build.0 = Release|Any CPU
		{9AC0FD67-CD88-4803-8E2E-71317C2C973E}.Debug|Any CPU.ActiveCfg = Debug|Any CPU
		{9AC0FD67-CD88-4803-8E2E-71317C2C973E}.Debug|Any CPU.Build.0 = Debug|Any CPU
		{9AC0FD67-CD88-4803-8E2E-71317C2C973E}.Release|Any CPU.ActiveCfg = Release|Any CPU
		{9AC0FD67-CD88-4803-8E2E-71317C2C973E}.Release|Any CPU.Build.0 = Release|Any CPU
		{80ED65A5-A8F9-4196-8CD3-3B45EA357D44}.Debug|Any CPU.ActiveCfg = Debug|Any CPU
		{80ED65A5-A8F9-4196-8CD3-3B45EA357D44}.Debug|Any CPU.Build.0 = Debug|Any CPU
		{80ED65A5-A8F9-4196-8CD3-3B45EA357D44}.Release|Any CPU.ActiveCfg = Release|Any CPU
		{80ED65A5-A8F9-4196-8CD3-3B45EA357D44}.Release|Any CPU.Build.0 = Release|Any CPU
		{A7F005E2-EBA7-4648-8387-4B6D2A79DBA7}.Debug|Any CPU.ActiveCfg = Debug|Any CPU
		{A7F005E2-EBA7-4648-8387-4B6D2A79DBA7}.Debug|Any CPU.Build.0 = Debug|Any CPU
		{A7F005E2-EBA7-4648-8387-4B6D2A79DBA7}.Release|Any CPU.ActiveCfg = Release|Any CPU
		{A7F005E2-EBA7-4648-8387-4B6D2A79DBA7}.Release|Any CPU.Build.0 = Release|Any CPU
		{9E71A304-3CB7-490D-B912-817B50A0122F}.Debug|Any CPU.ActiveCfg = Debug|Any CPU
		{9E71A304-3CB7-490D-B912-817B50A0122F}.Debug|Any CPU.Build.0 = Debug|Any CPU
		{9E71A304-3CB7-490D-B912-817B50A0122F}.Release|Any CPU.ActiveCfg = Release|Any CPU
		{9E71A304-3CB7-490D-B912-817B50A0122F}.Release|Any CPU.Build.0 = Release|Any CPU
		{CF94ED52-4B6A-4394-8D8D-A760E3731213}.Debug|Any CPU.ActiveCfg = Debug|Any CPU
		{CF94ED52-4B6A-4394-8D8D-A760E3731213}.Debug|Any CPU.Build.0 = Debug|Any CPU
		{CF94ED52-4B6A-4394-8D8D-A760E3731213}.Release|Any CPU.ActiveCfg = Release|Any CPU
		{CF94ED52-4B6A-4394-8D8D-A760E3731213}.Release|Any CPU.Build.0 = Release|Any CPU
		{0E835744-C72D-435F-9CEF-0DEF1A27A22E}.Debug|Any CPU.ActiveCfg = Debug|Any CPU
		{0E835744-C72D-435F-9CEF-0DEF1A27A22E}.Debug|Any CPU.Build.0 = Debug|Any CPU
		{0E835744-C72D-435F-9CEF-0DEF1A27A22E}.Release|Any CPU.ActiveCfg = Release|Any CPU
		{0E835744-C72D-435F-9CEF-0DEF1A27A22E}.Release|Any CPU.Build.0 = Release|Any CPU
		{8E7A095A-C997-44E5-9A46-A98A835F2B2F}.Debug|Any CPU.ActiveCfg = Debug|Any CPU
		{8E7A095A-C997-44E5-9A46-A98A835F2B2F}.Debug|Any CPU.Build.0 = Debug|Any CPU
		{8E7A095A-C997-44E5-9A46-A98A835F2B2F}.Release|Any CPU.ActiveCfg = Release|Any CPU
		{8E7A095A-C997-44E5-9A46-A98A835F2B2F}.Release|Any CPU.Build.0 = Release|Any CPU
		{14A3B2F1-F6ED-4E1A-92EF-D06CED07F413}.Debug|Any CPU.ActiveCfg = Debug|Any CPU
		{14A3B2F1-F6ED-4E1A-92EF-D06CED07F413}.Debug|Any CPU.Build.0 = Debug|Any CPU
		{14A3B2F1-F6ED-4E1A-92EF-D06CED07F413}.Release|Any CPU.ActiveCfg = Release|Any CPU
		{14A3B2F1-F6ED-4E1A-92EF-D06CED07F413}.Release|Any CPU.Build.0 = Release|Any CPU
		{E989DAA4-70DA-4B02-9BBE-5607F8A393AA}.Debug|Any CPU.ActiveCfg = Debug|Any CPU
		{E989DAA4-70DA-4B02-9BBE-5607F8A393AA}.Debug|Any CPU.Build.0 = Debug|Any CPU
		{E989DAA4-70DA-4B02-9BBE-5607F8A393AA}.Release|Any CPU.ActiveCfg = Release|Any CPU
		{E989DAA4-70DA-4B02-9BBE-5607F8A393AA}.Release|Any CPU.Build.0 = Release|Any CPU
		{707A05C0-4366-43CC-AC4C-E519E006E38F}.Debug|Any CPU.ActiveCfg = Debug|Any CPU
		{707A05C0-4366-43CC-AC4C-E519E006E38F}.Debug|Any CPU.Build.0 = Debug|Any CPU
		{707A05C0-4366-43CC-AC4C-E519E006E38F}.Release|Any CPU.ActiveCfg = Release|Any CPU
		{707A05C0-4366-43CC-AC4C-E519E006E38F}.Release|Any CPU.Build.0 = Release|Any CPU
		{E60705E6-9890-4CA1-B159-0C62B1ECA815}.Debug|Any CPU.ActiveCfg = Debug|Any CPU
		{E60705E6-9890-4CA1-B159-0C62B1ECA815}.Debug|Any CPU.Build.0 = Debug|Any CPU
		{E60705E6-9890-4CA1-B159-0C62B1ECA815}.Release|Any CPU.ActiveCfg = Release|Any CPU
		{E60705E6-9890-4CA1-B159-0C62B1ECA815}.Release|Any CPU.Build.0 = Release|Any CPU
		{9C21CE1F-6346-424E-B7B8-019625F2C2BB}.Debug|Any CPU.ActiveCfg = Debug|Any CPU
		{9C21CE1F-6346-424E-B7B8-019625F2C2BB}.Debug|Any CPU.Build.0 = Debug|Any CPU
		{9C21CE1F-6346-424E-B7B8-019625F2C2BB}.Release|Any CPU.ActiveCfg = Release|Any CPU
		{9C21CE1F-6346-424E-B7B8-019625F2C2BB}.Release|Any CPU.Build.0 = Release|Any CPU
		{C02912F6-698F-4045-896D-C3AF28FB4942}.Debug|Any CPU.ActiveCfg = Debug|Any CPU
		{C02912F6-698F-4045-896D-C3AF28FB4942}.Debug|Any CPU.Build.0 = Debug|Any CPU
		{C02912F6-698F-4045-896D-C3AF28FB4942}.Release|Any CPU.ActiveCfg = Release|Any CPU
		{C02912F6-698F-4045-896D-C3AF28FB4942}.Release|Any CPU.Build.0 = Release|Any CPU
		{515E291D-127A-44AC-B966-A824D6252E74}.Debug|Any CPU.ActiveCfg = Debug|Any CPU
		{515E291D-127A-44AC-B966-A824D6252E74}.Debug|Any CPU.Build.0 = Debug|Any CPU
		{515E291D-127A-44AC-B966-A824D6252E74}.Release|Any CPU.ActiveCfg = Release|Any CPU
		{515E291D-127A-44AC-B966-A824D6252E74}.Release|Any CPU.Build.0 = Release|Any CPU
		{0F5742D3-930D-424E-8301-1F410C8B7B69}.Debug|Any CPU.ActiveCfg = Debug|Any CPU
		{0F5742D3-930D-424E-8301-1F410C8B7B69}.Debug|Any CPU.Build.0 = Debug|Any CPU
		{0F5742D3-930D-424E-8301-1F410C8B7B69}.Release|Any CPU.ActiveCfg = Release|Any CPU
		{0F5742D3-930D-424E-8301-1F410C8B7B69}.Release|Any CPU.Build.0 = Release|Any CPU
		{A99B5E7C-ACA9-4D47-ABD4-CB1229F4B160}.Debug|Any CPU.ActiveCfg = Debug|Any CPU
		{A99B5E7C-ACA9-4D47-ABD4-CB1229F4B160}.Debug|Any CPU.Build.0 = Debug|Any CPU
		{A99B5E7C-ACA9-4D47-ABD4-CB1229F4B160}.Release|Any CPU.ActiveCfg = Release|Any CPU
		{A99B5E7C-ACA9-4D47-ABD4-CB1229F4B160}.Release|Any CPU.Build.0 = Release|Any CPU
		{5A536094-1BD6-4012-993E-9E330132D6B8}.Debug|Any CPU.ActiveCfg = Debug|Any CPU
		{5A536094-1BD6-4012-993E-9E330132D6B8}.Debug|Any CPU.Build.0 = Debug|Any CPU
		{5A536094-1BD6-4012-993E-9E330132D6B8}.Release|Any CPU.ActiveCfg = Release|Any CPU
		{5A536094-1BD6-4012-993E-9E330132D6B8}.Release|Any CPU.Build.0 = Release|Any CPU
		{2AEB7F48-D177-4502-BB38-2569A01AEE1A}.Debug|Any CPU.ActiveCfg = Debug|Any CPU
		{2AEB7F48-D177-4502-BB38-2569A01AEE1A}.Debug|Any CPU.Build.0 = Debug|Any CPU
		{2AEB7F48-D177-4502-BB38-2569A01AEE1A}.Release|Any CPU.ActiveCfg = Release|Any CPU
		{2AEB7F48-D177-4502-BB38-2569A01AEE1A}.Release|Any CPU.Build.0 = Release|Any CPU
		{33ADF072-5D08-4889-99AD-99043C6B8471}.Debug|Any CPU.ActiveCfg = Debug|Any CPU
		{33ADF072-5D08-4889-99AD-99043C6B8471}.Debug|Any CPU.Build.0 = Debug|Any CPU
		{33ADF072-5D08-4889-99AD-99043C6B8471}.Release|Any CPU.ActiveCfg = Release|Any CPU
		{33ADF072-5D08-4889-99AD-99043C6B8471}.Release|Any CPU.Build.0 = Release|Any CPU
		{1D2A317C-163A-472D-B1BC-4D67DDA73E3C}.Debug|Any CPU.ActiveCfg = Debug|Any CPU
		{1D2A317C-163A-472D-B1BC-4D67DDA73E3C}.Debug|Any CPU.Build.0 = Debug|Any CPU
		{1D2A317C-163A-472D-B1BC-4D67DDA73E3C}.Release|Any CPU.ActiveCfg = Release|Any CPU
		{1D2A317C-163A-472D-B1BC-4D67DDA73E3C}.Release|Any CPU.Build.0 = Release|Any CPU
		{AA28184C-D736-4934-96E1-C666FBF8C624}.Debug|Any CPU.ActiveCfg = Debug|Any CPU
		{AA28184C-D736-4934-96E1-C666FBF8C624}.Debug|Any CPU.Build.0 = Debug|Any CPU
		{AA28184C-D736-4934-96E1-C666FBF8C624}.Release|Any CPU.ActiveCfg = Release|Any CPU
		{AA28184C-D736-4934-96E1-C666FBF8C624}.Release|Any CPU.Build.0 = Release|Any CPU
		{505959BA-5E37-40AD-9E1F-D168E366D106}.Debug|Any CPU.ActiveCfg = Debug|Any CPU
		{505959BA-5E37-40AD-9E1F-D168E366D106}.Debug|Any CPU.Build.0 = Debug|Any CPU
		{505959BA-5E37-40AD-9E1F-D168E366D106}.Release|Any CPU.ActiveCfg = Release|Any CPU
		{505959BA-5E37-40AD-9E1F-D168E366D106}.Release|Any CPU.Build.0 = Release|Any CPU
		{9629460F-6875-4F78-AFFB-A5FD0F63E783}.Debug|Any CPU.ActiveCfg = Debug|Any CPU
		{9629460F-6875-4F78-AFFB-A5FD0F63E783}.Debug|Any CPU.Build.0 = Debug|Any CPU
		{9629460F-6875-4F78-AFFB-A5FD0F63E783}.Release|Any CPU.ActiveCfg = Release|Any CPU
		{9629460F-6875-4F78-AFFB-A5FD0F63E783}.Release|Any CPU.Build.0 = Release|Any CPU
		{C2BF0395-D568-443F-B7FC-B29DBFAF5A1E}.Debug|Any CPU.ActiveCfg = Debug|Any CPU
		{C2BF0395-D568-443F-B7FC-B29DBFAF5A1E}.Debug|Any CPU.Build.0 = Debug|Any CPU
		{C2BF0395-D568-443F-B7FC-B29DBFAF5A1E}.Release|Any CPU.ActiveCfg = Release|Any CPU
		{C2BF0395-D568-443F-B7FC-B29DBFAF5A1E}.Release|Any CPU.Build.0 = Release|Any CPU
		{0D8836A9-2F3D-47AB-BA3A-1CD222361891}.Debug|Any CPU.ActiveCfg = Debug|Any CPU
		{0D8836A9-2F3D-47AB-BA3A-1CD222361891}.Debug|Any CPU.Build.0 = Debug|Any CPU
		{0D8836A9-2F3D-47AB-BA3A-1CD222361891}.Release|Any CPU.ActiveCfg = Release|Any CPU
		{0D8836A9-2F3D-47AB-BA3A-1CD222361891}.Release|Any CPU.Build.0 = Release|Any CPU
		{882E94EE-2DB6-43F4-8BCA-4987FCF32BDE}.Debug|Any CPU.ActiveCfg = Debug|Any CPU
		{882E94EE-2DB6-43F4-8BCA-4987FCF32BDE}.Debug|Any CPU.Build.0 = Debug|Any CPU
		{882E94EE-2DB6-43F4-8BCA-4987FCF32BDE}.Release|Any CPU.ActiveCfg = Release|Any CPU
		{882E94EE-2DB6-43F4-8BCA-4987FCF32BDE}.Release|Any CPU.Build.0 = Release|Any CPU
		{44E87042-8756-4DC5-94EE-3487497F5FE0}.Debug|Any CPU.ActiveCfg = Debug|Any CPU
		{44E87042-8756-4DC5-94EE-3487497F5FE0}.Debug|Any CPU.Build.0 = Debug|Any CPU
		{44E87042-8756-4DC5-94EE-3487497F5FE0}.Release|Any CPU.ActiveCfg = Release|Any CPU
		{44E87042-8756-4DC5-94EE-3487497F5FE0}.Release|Any CPU.Build.0 = Release|Any CPU
		{48D66483-4793-43F3-91D5-040A1C9E0DDC}.Debug|Any CPU.ActiveCfg = Debug|Any CPU
		{48D66483-4793-43F3-91D5-040A1C9E0DDC}.Debug|Any CPU.Build.0 = Debug|Any CPU
		{48D66483-4793-43F3-91D5-040A1C9E0DDC}.Release|Any CPU.ActiveCfg = Release|Any CPU
		{48D66483-4793-43F3-91D5-040A1C9E0DDC}.Release|Any CPU.Build.0 = Release|Any CPU
		{8D661F5D-1314-44D2-9986-05C37FF5012B}.Debug|Any CPU.ActiveCfg = Debug|Any CPU
		{8D661F5D-1314-44D2-9986-05C37FF5012B}.Debug|Any CPU.Build.0 = Debug|Any CPU
		{8D661F5D-1314-44D2-9986-05C37FF5012B}.Release|Any CPU.ActiveCfg = Release|Any CPU
		{8D661F5D-1314-44D2-9986-05C37FF5012B}.Release|Any CPU.Build.0 = Release|Any CPU
		{31E43692-EEAB-4257-8C34-9F78A27EE71F}.Debug|Any CPU.ActiveCfg = Debug|Any CPU
		{31E43692-EEAB-4257-8C34-9F78A27EE71F}.Debug|Any CPU.Build.0 = Debug|Any CPU
		{31E43692-EEAB-4257-8C34-9F78A27EE71F}.Release|Any CPU.ActiveCfg = Release|Any CPU
		{31E43692-EEAB-4257-8C34-9F78A27EE71F}.Release|Any CPU.Build.0 = Release|Any CPU
	EndGlobalSection
	GlobalSection(SolutionProperties) = preSolution
		HideSolutionNode = FALSE
	EndGlobalSection
	GlobalSection(NestedProjects) = preSolution
		{2C62E3C7-5FEF-4FCE-81DE-BC1E9FF38DEA} = {B5B0F79C-02C7-4B35-951F-E874416818CC}
		{9F9A9C6A-AF87-4003-980F-3856DEC9CA8A} = {B5B0F79C-02C7-4B35-951F-E874416818CC}
		{738EB59F-F603-4935-A1A1-5A6A8B7BD275} = {6C2724A9-3F3F-4474-A006-A2C4E2B764EB}
		{0D39BC9D-05CC-453D-885B-4E7FAAC417C0} = {738EB59F-F603-4935-A1A1-5A6A8B7BD275}
		{21A7E3A3-4365-4E9A-AF73-7E7DE9F413AC} = {6C2724A9-3F3F-4474-A006-A2C4E2B764EB}
		{C7754864-5D87-4599-947F-6665FEAF7B64} = {21A7E3A3-4365-4E9A-AF73-7E7DE9F413AC}
		{8D9C18E5-26AB-4297-95C6-96B50A1EAD9C} = {6C2724A9-3F3F-4474-A006-A2C4E2B764EB}
		{F90DB5DA-46C8-41A5-B266-E0F1F35DCA09} = {8D9C18E5-26AB-4297-95C6-96B50A1EAD9C}
		{6A828294-B96A-404A-8059-236D46102CD7} = {8D9C18E5-26AB-4297-95C6-96B50A1EAD9C}
		{A337FB3F-3C2A-4F86-BD8F-C3C59CE93A06} = {09CFB2A0-AB26-4F15-AC5E-9C14A5C9C1BA}
		{D79E1D90-9EA8-4257-8C5E-8E34E8D44BA0} = {AE9EEA03-B88C-419A-8201-17A1A6ED96AE}
		{3BC83C71-14EA-4221-AA16-EEC979B5898E} = {AE9EEA03-B88C-419A-8201-17A1A6ED96AE}
		{4EDC127A-C697-4325-81BF-5319975A76A3} = {3BC83C71-14EA-4221-AA16-EEC979B5898E}
		{9AC0FD67-CD88-4803-8E2E-71317C2C973E} = {3BC83C71-14EA-4221-AA16-EEC979B5898E}
		{80ED65A5-A8F9-4196-8CD3-3B45EA357D44} = {4F91A288-1FC9-48AE-A98A-D8377BB20269}
		{57681AFA-C968-4287-936C-9F74B4FA74FD} = {4F91A288-1FC9-48AE-A98A-D8377BB20269}
		{A7F005E2-EBA7-4648-8387-4B6D2A79DBA7} = {57681AFA-C968-4287-936C-9F74B4FA74FD}
		{9E71A304-3CB7-490D-B912-817B50A0122F} = {57681AFA-C968-4287-936C-9F74B4FA74FD}
		{625F7172-B989-43EB-AA78-430CC7816269} = {A4CD1806-0049-4B0C-AC5D-6D73FA3C8D6E}
		{CF94ED52-4B6A-4394-8D8D-A760E3731213} = {625F7172-B989-43EB-AA78-430CC7816269}
		{0E835744-C72D-435F-9CEF-0DEF1A27A22E} = {625F7172-B989-43EB-AA78-430CC7816269}
		{8E7A095A-C997-44E5-9A46-A98A835F2B2F} = {625F7172-B989-43EB-AA78-430CC7816269}
		{14A3B2F1-F6ED-4E1A-92EF-D06CED07F413} = {625F7172-B989-43EB-AA78-430CC7816269}
		{039E5164-B1B9-495C-96B6-A0B7E7CE1E41} = {650007F4-9F12-446D-95D1-B1F03BAC3644}
		{E989DAA4-70DA-4B02-9BBE-5607F8A393AA} = {039E5164-B1B9-495C-96B6-A0B7E7CE1E41}
		{707A05C0-4366-43CC-AC4C-E519E006E38F} = {039E5164-B1B9-495C-96B6-A0B7E7CE1E41}
		{406DBAA9-2BA5-41C0-BDEE-A098F3E2B572} = {B7819832-EFB0-4C3F-AE60-4DA9851EA0EB}
		{E60705E6-9890-4CA1-B159-0C62B1ECA815} = {406DBAA9-2BA5-41C0-BDEE-A098F3E2B572}
		{3FD119AD-132D-4302-BEEB-68D4B900F873} = {650007F4-9F12-446D-95D1-B1F03BAC3644}
		{9C21CE1F-6346-424E-B7B8-019625F2C2BB} = {3FD119AD-132D-4302-BEEB-68D4B900F873}
		{C02912F6-698F-4045-896D-C3AF28FB4942} = {406DBAA9-2BA5-41C0-BDEE-A098F3E2B572}
		{515E291D-127A-44AC-B966-A824D6252E74} = {406DBAA9-2BA5-41C0-BDEE-A098F3E2B572}
		{0F5742D3-930D-424E-8301-1F410C8B7B69} = {406DBAA9-2BA5-41C0-BDEE-A098F3E2B572}
		{A99B5E7C-ACA9-4D47-ABD4-CB1229F4B160} = {B7819832-EFB0-4C3F-AE60-4DA9851EA0EB}
		{5A536094-1BD6-4012-993E-9E330132D6B8} = {09CFB2A0-AB26-4F15-AC5E-9C14A5C9C1BA}
		{6F5F0643-B408-4BBC-B8C5-F9FA93117768} = {B7819832-EFB0-4C3F-AE60-4DA9851EA0EB}
		{2AEB7F48-D177-4502-BB38-2569A01AEE1A} = {6F5F0643-B408-4BBC-B8C5-F9FA93117768}
		{33ADF072-5D08-4889-99AD-99043C6B8471} = {09CFB2A0-AB26-4F15-AC5E-9C14A5C9C1BA}
		{1D2A317C-163A-472D-B1BC-4D67DDA73E3C} = {2DC78CB3-35D7-4EFB-BBB7-03DDAF646ABE}
		{AA28184C-D736-4934-96E1-C666FBF8C624} = {2DC78CB3-35D7-4EFB-BBB7-03DDAF646ABE}
		{505959BA-5E37-40AD-9E1F-D168E366D106} = {662E643E-5A9A-4729-AF02-D76FD0D41603}
		{9629460F-6875-4F78-AFFB-A5FD0F63E783} = {662E643E-5A9A-4729-AF02-D76FD0D41603}
		{C2BF0395-D568-443F-B7FC-B29DBFAF5A1E} = {EF2E6A34-B495-4DCC-B537-7A44F846BBF8}
		{26BB3975-D22A-4EF6-AB5E-01EF5C21E662} = {EF2E6A34-B495-4DCC-B537-7A44F846BBF8}
		{0D8836A9-2F3D-47AB-BA3A-1CD222361891} = {26BB3975-D22A-4EF6-AB5E-01EF5C21E662}
		{882E94EE-2DB6-43F4-8BCA-4987FCF32BDE} = {EF2E6A34-B495-4DCC-B537-7A44F846BBF8}
		{44E87042-8756-4DC5-94EE-3487497F5FE0} = {B3622856-0D33-4150-BFE4-5915AA6433D9}
		{48D66483-4793-43F3-91D5-040A1C9E0DDC} = {B3622856-0D33-4150-BFE4-5915AA6433D9}
		{8D661F5D-1314-44D2-9986-05C37FF5012B} = {B3622856-0D33-4150-BFE4-5915AA6433D9}
		{31E43692-EEAB-4257-8C34-9F78A27EE71F} = {09CFB2A0-AB26-4F15-AC5E-9C14A5C9C1BA}
	EndGlobalSection
	GlobalSection(ExtensibilityGlobals) = postSolution
		SolutionGuid = {CA1623E0-D1FE-42C5-A554-85805D844616}
	EndGlobalSection
EndGlobal
